
Microsoft Visual Studio Solution File, Format Version 12.00
# Visual Studio Version 17
VisualStudioVersion = 17.3.32811.315
MinimumVisualStudioVersion = 10.0.40219.1
Project("{9A19103F-16F7-4668-BE54-9A1E7A4F7556}") = "SurfsUpProjekt", "SurfsUpProjekt\SurfsUpProjekt.csproj", "{857C6DFC-A20F-49ED-B90C-3E0A981A8435}"
EndProject
Project("{9A19103F-16F7-4668-BE54-9A1E7A4F7556}") = "SurfsUpAPI", "SurfsUpAPI\SurfsUpAPI.csproj", "{3C21A758-11E7-4794-AEBA-BA193022E769}"
EndProject
Project("{FAE04EC0-301F-11D3-BF4B-00C04F79EFBC}") = "SurfsUpBlazor2.Server", "SurfsUpBlazor2\Server\SurfsUpBlazor2.Server.csproj", "{B9802C77-E608-48E2-9121-D2C602A5668D}"
EndProject
Project("{FAE04EC0-301F-11D3-BF4B-00C04F79EFBC}") = "SurfsUpBlazor2.Client", "SurfsUpBlazor2\Client\SurfsUpBlazor2.Client.csproj", "{C1D732EB-CE11-444D-AFE2-6254E10ECBB5}"
EndProject
Project("{FAE04EC0-301F-11D3-BF4B-00C04F79EFBC}") = "SurfsUpBlazor2.Shared", "SurfsUpBlazor2\Shared\SurfsUpBlazor2.Shared.csproj", "{E24EA907-9552-456A-ABD1-CBC066679F3C}"
EndProject
Global
	GlobalSection(SolutionConfigurationPlatforms) = preSolution
		Debug|Any CPU = Debug|Any CPU
		Release|Any CPU = Release|Any CPU
	EndGlobalSection
	GlobalSection(ProjectConfigurationPlatforms) = postSolution
		{857C6DFC-A20F-49ED-B90C-3E0A981A8435}.Debug|Any CPU.ActiveCfg = Debug|Any CPU
		{857C6DFC-A20F-49ED-B90C-3E0A981A8435}.Debug|Any CPU.Build.0 = Debug|Any CPU
		{857C6DFC-A20F-49ED-B90C-3E0A981A8435}.Release|Any CPU.ActiveCfg = Release|Any CPU
		{857C6DFC-A20F-49ED-B90C-3E0A981A8435}.Release|Any CPU.Build.0 = Release|Any CPU
		{3C21A758-11E7-4794-AEBA-BA193022E769}.Debug|Any CPU.ActiveCfg = Debug|Any CPU
		{3C21A758-11E7-4794-AEBA-BA193022E769}.Debug|Any CPU.Build.0 = Debug|Any CPU
		{3C21A758-11E7-4794-AEBA-BA193022E769}.Release|Any CPU.ActiveCfg = Release|Any CPU
		{3C21A758-11E7-4794-AEBA-BA193022E769}.Release|Any CPU.Build.0 = Release|Any CPU
		{B9802C77-E608-48E2-9121-D2C602A5668D}.Debug|Any CPU.ActiveCfg = Debug|Any CPU
		{B9802C77-E608-48E2-9121-D2C602A5668D}.Debug|Any CPU.Build.0 = Debug|Any CPU
		{B9802C77-E608-48E2-9121-D2C602A5668D}.Release|Any CPU.ActiveCfg = Release|Any CPU
		{B9802C77-E608-48E2-9121-D2C602A5668D}.Release|Any CPU.Build.0 = Release|Any CPU
		{C1D732EB-CE11-444D-AFE2-6254E10ECBB5}.Debug|Any CPU.ActiveCfg = Debug|Any CPU
		{C1D732EB-CE11-444D-AFE2-6254E10ECBB5}.Debug|Any CPU.Build.0 = Debug|Any CPU
		{C1D732EB-CE11-444D-AFE2-6254E10ECBB5}.Release|Any CPU.ActiveCfg = Release|Any CPU
		{C1D732EB-CE11-444D-AFE2-6254E10ECBB5}.Release|Any CPU.Build.0 = Release|Any CPU
		{E24EA907-9552-456A-ABD1-CBC066679F3C}.Debug|Any CPU.ActiveCfg = Debug|Any CPU
		{E24EA907-9552-456A-ABD1-CBC066679F3C}.Debug|Any CPU.Build.0 = Debug|Any CPU
		{E24EA907-9552-456A-ABD1-CBC066679F3C}.Release|Any CPU.ActiveCfg = Release|Any CPU
		{E24EA907-9552-456A-ABD1-CBC066679F3C}.Release|Any CPU.Build.0 = Release|Any CPU
	EndGlobalSection
	GlobalSection(SolutionProperties) = preSolution
		HideSolutionNode = FALSE
	EndGlobalSection
	GlobalSection(ExtensibilityGlobals) = postSolution
		SolutionGuid = {41CBE65C-C989-4D2B-BB00-091DF4048E55}
	EndGlobalSection
EndGlobal
