
Microsoft Visual Studio Solution File, Format Version 12.00
# Visual Studio Version 17
VisualStudioVersion = 17.3.32811.315
MinimumVisualStudioVersion = 10.0.40219.1
Project("{9A19103F-16F7-4668-BE54-9A1E7A4F7556}") = "SurfsUpProjekt", "SurfsUpProjekt\SurfsUpProjekt.csproj", "{857C6DFC-A20F-49ED-B90C-3E0A981A8435}"
EndProject
Project("{9A19103F-16F7-4668-BE54-9A1E7A4F7556}") = "SurfsUpAPI", "SurfsUpAPI\SurfsUpAPI.csproj", "{3C21A758-11E7-4794-AEBA-BA193022E769}"
EndProject
Project("{FAE04EC0-301F-11D3-BF4B-00C04F79EFBC}") = "BlazorSurf.Server", "BlazorSurf\Server\BlazorSurf.Server.csproj", "{DE5F43D2-3F9A-4311-9C39-FAC8E1FBEE74}"
EndProject
Project("{FAE04EC0-301F-11D3-BF4B-00C04F79EFBC}") = "BlazorSurf.Client", "BlazorSurf\Client\BlazorSurf.Client.csproj", "{DBF2060F-B50B-43BA-A401-CF9D2CDCEFA2}"
EndProject
Project("{FAE04EC0-301F-11D3-BF4B-00C04F79EFBC}") = "BlazorSurf.Shared", "BlazorSurf\Shared\BlazorSurf.Shared.csproj", "{95C5F61E-BFB1-4785-8C02-DEF18F66BF42}"
EndProject
Global
	GlobalSection(SolutionConfigurationPlatforms) = preSolution
		Debug|Any CPU = Debug|Any CPU
		Release|Any CPU = Release|Any CPU
	EndGlobalSection
	GlobalSection(ProjectConfigurationPlatforms) = postSolution
		{857C6DFC-A20F-49ED-B90C-3E0A981A8435}.Debug|Any CPU.ActiveCfg = Debug|Any CPU
		{857C6DFC-A20F-49ED-B90C-3E0A981A8435}.Debug|Any CPU.Build.0 = Debug|Any CPU
		{857C6DFC-A20F-49ED-B90C-3E0A981A8435}.Release|Any CPU.ActiveCfg = Release|Any CPU
		{857C6DFC-A20F-49ED-B90C-3E0A981A8435}.Release|Any CPU.Build.0 = Release|Any CPU
		{3C21A758-11E7-4794-AEBA-BA193022E769}.Debug|Any CPU.ActiveCfg = Debug|Any CPU
		{3C21A758-11E7-4794-AEBA-BA193022E769}.Debug|Any CPU.Build.0 = Debug|Any CPU
		{3C21A758-11E7-4794-AEBA-BA193022E769}.Release|Any CPU.ActiveCfg = Release|Any CPU
		{3C21A758-11E7-4794-AEBA-BA193022E769}.Release|Any CPU.Build.0 = Release|Any CPU
		{DE5F43D2-3F9A-4311-9C39-FAC8E1FBEE74}.Debug|Any CPU.ActiveCfg = Debug|Any CPU
		{DE5F43D2-3F9A-4311-9C39-FAC8E1FBEE74}.Debug|Any CPU.Build.0 = Debug|Any CPU
		{DE5F43D2-3F9A-4311-9C39-FAC8E1FBEE74}.Release|Any CPU.ActiveCfg = Release|Any CPU
		{DE5F43D2-3F9A-4311-9C39-FAC8E1FBEE74}.Release|Any CPU.Build.0 = Release|Any CPU
		{DBF2060F-B50B-43BA-A401-CF9D2CDCEFA2}.Debug|Any CPU.ActiveCfg = Debug|Any CPU
		{DBF2060F-B50B-43BA-A401-CF9D2CDCEFA2}.Debug|Any CPU.Build.0 = Debug|Any CPU
		{DBF2060F-B50B-43BA-A401-CF9D2CDCEFA2}.Release|Any CPU.ActiveCfg = Release|Any CPU
		{DBF2060F-B50B-43BA-A401-CF9D2CDCEFA2}.Release|Any CPU.Build.0 = Release|Any CPU
		{95C5F61E-BFB1-4785-8C02-DEF18F66BF42}.Debug|Any CPU.ActiveCfg = Debug|Any CPU
		{95C5F61E-BFB1-4785-8C02-DEF18F66BF42}.Debug|Any CPU.Build.0 = Debug|Any CPU
		{95C5F61E-BFB1-4785-8C02-DEF18F66BF42}.Release|Any CPU.ActiveCfg = Release|Any CPU
		{95C5F61E-BFB1-4785-8C02-DEF18F66BF42}.Release|Any CPU.Build.0 = Release|Any CPU
	EndGlobalSection
	GlobalSection(SolutionProperties) = preSolution
		HideSolutionNode = FALSE
	EndGlobalSection
	GlobalSection(ExtensibilityGlobals) = postSolution
		SolutionGuid = {41CBE65C-C989-4D2B-BB00-091DF4048E55}
	EndGlobalSection
EndGlobal
